
Microsoft Visual Studio Solution File, Format Version 12.00
# Visual Studio Version 16
VisualStudioVersion = 16.0.29306.81
MinimumVisualStudioVersion = 10.0.40219.1
Project("{FAE04EC0-301F-11D3-BF4B-00C04F79EFBC}") = "Waterskibaan", "Waterskibaan\Waterskibaan.csproj", "{967FFEF0-CBE7-48E7-9ACB-5CEAC0C5B640}"
EndProject
Global
	GlobalSection(SolutionConfigurationPlatforms) = preSolution
		Debug|Any CPU = Debug|Any CPU
		Release|Any CPU = Release|Any CPU
	EndGlobalSection
	GlobalSection(ProjectConfigurationPlatforms) = postSolution
		{967FFEF0-CBE7-48E7-9ACB-5CEAC0C5B640}.Debug|Any CPU.ActiveCfg = Debug|Any CPU
		{967FFEF0-CBE7-48E7-9ACB-5CEAC0C5B640}.Debug|Any CPU.Build.0 = Debug|Any CPU
		{967FFEF0-CBE7-48E7-9ACB-5CEAC0C5B640}.Release|Any CPU.ActiveCfg = Release|Any CPU
		{967FFEF0-CBE7-48E7-9ACB-5CEAC0C5B640}.Release|Any CPU.Build.0 = Release|Any CPU
	EndGlobalSection
	GlobalSection(SolutionProperties) = preSolution
		HideSolutionNode = FALSE
	EndGlobalSection
	GlobalSection(ExtensibilityGlobals) = postSolution
		SolutionGuid = {7C24B975-A2CA-413C-8A33-4438ED0C4267}
	EndGlobalSection
EndGlobal
